
Microsoft Visual Studio Solution File, Format Version 12.00
# Visual Studio Version 16
VisualStudioVersion = 16.0.29230.61
MinimumVisualStudioVersion = 10.0.40219.1
Project("{9A19103F-16F7-4668-BE54-9A1E7A4F7556}") = "CoreMvcEds", "CoreMvcEds\CoreMvcEds.csproj", "{1AEEA076-F098-41B9-AAF2-1B2BF37444A4}"
EndProject
Global
	GlobalSection(SolutionConfigurationPlatforms) = preSolution
		Debug|Any CPU = Debug|Any CPU
		Release|Any CPU = Release|Any CPU
	EndGlobalSection
	GlobalSection(ProjectConfigurationPlatforms) = postSolution
		{1AEEA076-F098-41B9-AAF2-1B2BF37444A4}.Debug|Any CPU.ActiveCfg = Debug|Any CPU
		{1AEEA076-F098-41B9-AAF2-1B2BF37444A4}.Debug|Any CPU.Build.0 = Debug|Any CPU
		{1AEEA076-F098-41B9-AAF2-1B2BF37444A4}.Release|Any CPU.ActiveCfg = Release|Any CPU
		{1AEEA076-F098-41B9-AAF2-1B2BF37444A4}.Release|Any CPU.Build.0 = Release|Any CPU
	EndGlobalSection
	GlobalSection(SolutionProperties) = preSolution
		HideSolutionNode = FALSE
	EndGlobalSection
	GlobalSection(ExtensibilityGlobals) = postSolution
		SolutionGuid = {66D57A36-E585-4D28-A482-047821C7EA0B}
	EndGlobalSection
EndGlobal
